Microsoft Visual Studio Solution File, Format Version 12.00
# Visual Studio Version 17
VisualStudioVersion = 17.5.2.0
MinimumVisualStudioVersion = 10.0.40219.1
Project("{FAE04EC0-301F-11D3-BF4B-00C04F79EFBC}") = "Pulse.Clients.Web", "Pulse.Clients.Web.csproj", "{684270E5-3495-3B3D-6EAA-141F86BB00A2}"
EndProject
Global
	GlobalSection(SolutionConfigurationPlatforms) = preSolution
		Debug|Any CPU = Debug|Any CPU
		Release|Any CPU = Release|Any CPU
	EndGlobalSection
	GlobalSection(ProjectConfigurationPlatforms) = postSolution
		{684270E5-3495-3B3D-6EAA-141F86BB00A2}.Debug|Any CPU.ActiveCfg = Debug|Any CPU
		{684270E5-3495-3B3D-6EAA-141F86BB00A2}.Debug|Any CPU.Build.0 = Debug|Any CPU
		{684270E5-3495-3B3D-6EAA-141F86BB00A2}.Release|Any CPU.ActiveCfg = Release|Any CPU
		{684270E5-3495-3B3D-6EAA-141F86BB00A2}.Release|Any CPU.Build.0 = Release|Any CPU
	EndGlobalSection
	GlobalSection(SolutionProperties) = preSolution
		HideSolutionNode = FALSE
	EndGlobalSection
	GlobalSection(ExtensibilityGlobals) = postSolution
		SolutionGuid = {D14163AA-D617-4712-9564-82D6A2AC44BF}
	EndGlobalSection
EndGlobal
